
Microsoft Visual Studio Solution File, Format Version 12.00
# Visual Studio Version 17
VisualStudioVersion = 17.4.33213.308
MinimumVisualStudioVersion = 10.0.40219.1
Project("{FAE04EC0-301F-11D3-BF4B-00C04F79EFBC}") = "AddingPepper", "AddingPepper.csproj", "{DC5F6230-B1F7-4C14-A4D9-86A97DBFBD2B}"
EndProject
Global
	GlobalSection(SolutionConfigurationPlatforms) = preSolution
		Debug|Any CPU = Debug|Any CPU
		Release|Any CPU = Release|Any CPU
	EndGlobalSection
	GlobalSection(ProjectConfigurationPlatforms) = postSolution
		{DC5F6230-B1F7-4C14-A4D9-86A97DBFBD2B}.Debug|Any CPU.ActiveCfg = Debug|Any CPU
		{DC5F6230-B1F7-4C14-A4D9-86A97DBFBD2B}.Debug|Any CPU.Build.0 = Debug|Any CPU
		{DC5F6230-B1F7-4C14-A4D9-86A97DBFBD2B}.Release|Any CPU.ActiveCfg = Release|Any CPU
		{DC5F6230-B1F7-4C14-A4D9-86A97DBFBD2B}.Release|Any CPU.Build.0 = Release|Any CPU
	EndGlobalSection
	GlobalSection(SolutionProperties) = preSolution
		HideSolutionNode = FALSE
	EndGlobalSection
	GlobalSection(ExtensibilityGlobals) = postSolution
		SolutionGuid = {1D07AE34-27DD-4ED2-A839-170237608D21}
	EndGlobalSection
EndGlobal
